
Microsoft Visual Studio Solution File, Format Version 12.00
# Visual Studio Version 17
VisualStudioVersion = 17.12.35527.113
MinimumVisualStudioVersion = 10.0.40219.1
Project("{FAE04EC0-301F-11D3-BF4B-00C04F79EFBC}") = "IceCoffee.Cron", "src\IceCoffee.Cron\IceCoffee.Cron.csproj", "{F32E3944-4747-4E85-9523-EA8C34AA7BC9}"
EndProject
Project("{FAE04EC0-301F-11D3-BF4B-00C04F79EFBC}") = "Demo", "tests\Demo\Demo.csproj", "{A3C11D4D-E1BF-4F89-9D61-419E944352D8}"
EndProject
Global
	GlobalSection(SolutionConfigurationPlatforms) = preSolution
		Debug|Any CPU = Debug|Any CPU
		Release|Any CPU = Release|Any CPU
	EndGlobalSection
	GlobalSection(ProjectConfigurationPlatforms) = postSolution
		{F32E3944-4747-4E85-9523-EA8C34AA7BC9}.Debug|Any CPU.ActiveCfg = Debug|Any CPU
		{F32E3944-4747-4E85-9523-EA8C34AA7BC9}.Debug|Any CPU.Build.0 = Debug|Any CPU
		{F32E3944-4747-4E85-9523-EA8C34AA7BC9}.Release|Any CPU.ActiveCfg = Release|Any CPU
		{F32E3944-4747-4E85-9523-EA8C34AA7BC9}.Release|Any CPU.Build.0 = Release|Any CPU
		{A3C11D4D-E1BF-4F89-9D61-419E944352D8}.Debug|Any CPU.ActiveCfg = Debug|Any CPU
		{A3C11D4D-E1BF-4F89-9D61-419E944352D8}.Debug|Any CPU.Build.0 = Debug|Any CPU
		{A3C11D4D-E1BF-4F89-9D61-419E944352D8}.Release|Any CPU.ActiveCfg = Release|Any CPU
		{A3C11D4D-E1BF-4F89-9D61-419E944352D8}.Release|Any CPU.Build.0 = Release|Any CPU
	EndGlobalSection
	GlobalSection(SolutionProperties) = preSolution
		HideSolutionNode = FALSE
	EndGlobalSection
EndGlobal
